
Microsoft Visual Studio Solution File, Format Version 12.00
# Visual Studio Version 16
VisualStudioVersion = 16.0.31624.102
MinimumVisualStudioVersion = 10.0.40219.1
Project("{9A19103F-16F7-4668-BE54-9A1E7A4F7556}") = "MyExcel", "MyExcel\MyExcel.csproj", "{2F42805E-DA4B-456A-A15A-14025068817B}"
EndProject
Global
	GlobalSection(SolutionConfigurationPlatforms) = preSolution
		Debug|Any CPU = Debug|Any CPU
		Release|Any CPU = Release|Any CPU
	EndGlobalSection
	GlobalSection(ProjectConfigurationPlatforms) = postSolution
		{2F42805E-DA4B-456A-A15A-14025068817B}.Debug|Any CPU.ActiveCfg = Debug|Any CPU
		{2F42805E-DA4B-456A-A15A-14025068817B}.Debug|Any CPU.Build.0 = Debug|Any CPU
		{2F42805E-DA4B-456A-A15A-14025068817B}.Release|Any CPU.ActiveCfg = Release|Any CPU
		{2F42805E-DA4B-456A-A15A-14025068817B}.Release|Any CPU.Build.0 = Release|Any CPU
	EndGlobalSection
	GlobalSection(SolutionProperties) = preSolution
		HideSolutionNode = FALSE
	EndGlobalSection
	GlobalSection(ExtensibilityGlobals) = postSolution
		SolutionGuid = {B4FEE649-FEDE-4264-84DC-DFEA0FDB88F4}
	EndGlobalSection
EndGlobal
